
Microsoft Visual Studio Solution File, Format Version 12.00
# Visual Studio Version 17
VisualStudioVersion = 17.7.34009.444
MinimumVisualStudioVersion = 10.0.40219.1
Project("{9A19103F-16F7-4668-BE54-9A1E7A4F7556}") = "MQTT_Demo", "MQTT_Demo.csproj", "{596A7490-FF2C-4DA1-8789-EBB183AC687C}"
EndProject
Project("{FAE04EC0-301F-11D3-BF4B-00C04F79EFBC}") = "MQTT_ConsoleDemo", "..\MQTT_ConsoleDemo\MQTT_ConsoleDemo.csproj", "{89849AA3-9820-4176-BA15-818BF71A64B7}"
EndProject
Global
	GlobalSection(SolutionConfigurationPlatforms) = preSolution
		Debug|Any CPU = Debug|Any CPU
		Release|Any CPU = Release|Any CPU
	EndGlobalSection
	GlobalSection(ProjectConfigurationPlatforms) = postSolution
		{596A7490-FF2C-4DA1-8789-EBB183AC687C}.Debug|Any CPU.ActiveCfg = Debug|Any CPU
		{596A7490-FF2C-4DA1-8789-EBB183AC687C}.Debug|Any CPU.Build.0 = Debug|Any CPU
		{596A7490-FF2C-4DA1-8789-EBB183AC687C}.Release|Any CPU.ActiveCfg = Release|Any CPU
		{596A7490-FF2C-4DA1-8789-EBB183AC687C}.Release|Any CPU.Build.0 = Release|Any CPU
		{89849AA3-9820-4176-BA15-818BF71A64B7}.Debug|Any CPU.ActiveCfg = Debug|Any CPU
		{89849AA3-9820-4176-BA15-818BF71A64B7}.Debug|Any CPU.Build.0 = Debug|Any CPU
		{89849AA3-9820-4176-BA15-818BF71A64B7}.Release|Any CPU.ActiveCfg = Release|Any CPU
		{89849AA3-9820-4176-BA15-818BF71A64B7}.Release|Any CPU.Build.0 = Release|Any CPU
	EndGlobalSection
	GlobalSection(SolutionProperties) = preSolution
		HideSolutionNode = FALSE
	EndGlobalSection
	GlobalSection(ExtensibilityGlobals) = postSolution
		SolutionGuid = {F6CCEB0F-B381-42AE-9453-394F14ED132D}
	EndGlobalSection
EndGlobal
